
Microsoft Visual Studio Solution File, Format Version 12.00
# Visual Studio 15
VisualStudioVersion = 15.0.26430.12
MinimumVisualStudioVersion = 10.0.40219.1
Project("{FAE04EC0-301F-11D3-BF4B-00C04F79EFBC}") = "isPrime", "isPrime\isPrime.csproj", "{FCB64788-7AE2-49E1-803D-86334E73B85D}"
EndProject
Global
	GlobalSection(SolutionConfigurationPlatforms) = preSolution
		Debug|Any CPU = Debug|Any CPU
		Release|Any CPU = Release|Any CPU
	EndGlobalSection
	GlobalSection(ProjectConfigurationPlatforms) = postSolution
		{FCB64788-7AE2-49E1-803D-86334E73B85D}.Debug|Any CPU.ActiveCfg = Debug|Any CPU
		{FCB64788-7AE2-49E1-803D-86334E73B85D}.Debug|Any CPU.Build.0 = Debug|Any CPU
		{FCB64788-7AE2-49E1-803D-86334E73B85D}.Release|Any CPU.ActiveCfg = Release|Any CPU
		{FCB64788-7AE2-49E1-803D-86334E73B85D}.Release|Any CPU.Build.0 = Release|Any CPU
	EndGlobalSection
	GlobalSection(SolutionProperties) = preSolution
		HideSolutionNode = FALSE
	EndGlobalSection
EndGlobal
