
Microsoft Visual Studio Solution File, Format Version 12.00
# Visual Studio 14
VisualStudioVersion = 14.0.25420.1
MinimumVisualStudioVersion = 10.0.40219.1
Project("{FAE04EC0-301F-11D3-BF4B-00C04F79EFBC}") = "TitleCase", "TitleCase\TitleCase.csproj", "{DD00DAE8-1157-46E5-A63C-983BCC5D5232}"
EndProject
Project("{FAE04EC0-301F-11D3-BF4B-00C04F79EFBC}") = "Test", "Test\Test.csproj", "{EC073074-8D5C-4057-B493-ED1C391FD737}"
EndProject
Global
	GlobalSection(SolutionConfigurationPlatforms) = preSolution
		Debug|Any CPU = Debug|Any CPU
		Release|Any CPU = Release|Any CPU
	EndGlobalSection
	GlobalSection(ProjectConfigurationPlatforms) = postSolution
		{DD00DAE8-1157-46E5-A63C-983BCC5D5232}.Debug|Any CPU.ActiveCfg = Debug|Any CPU
		{DD00DAE8-1157-46E5-A63C-983BCC5D5232}.Debug|Any CPU.Build.0 = Debug|Any CPU
		{DD00DAE8-1157-46E5-A63C-983BCC5D5232}.Release|Any CPU.ActiveCfg = Release|Any CPU
		{DD00DAE8-1157-46E5-A63C-983BCC5D5232}.Release|Any CPU.Build.0 = Release|Any CPU
		{EC073074-8D5C-4057-B493-ED1C391FD737}.Debug|Any CPU.ActiveCfg = Debug|Any CPU
		{EC073074-8D5C-4057-B493-ED1C391FD737}.Debug|Any CPU.Build.0 = Debug|Any CPU
		{EC073074-8D5C-4057-B493-ED1C391FD737}.Release|Any CPU.ActiveCfg = Release|Any CPU
		{EC073074-8D5C-4057-B493-ED1C391FD737}.Release|Any CPU.Build.0 = Release|Any CPU
	EndGlobalSection
	GlobalSection(SolutionProperties) = preSolution
		HideSolutionNode = FALSE
	EndGlobalSection
EndGlobal
