
Microsoft Visual Studio Solution File, Format Version 12.00
# Visual Studio 14
VisualStudioVersion = 14.0.25420.1
MinimumVisualStudioVersion = 10.0.40219.1
Project("{FAE04EC0-301F-11D3-BF4B-00C04F79EFBC}") = "Unlucky1", "Unlucky1\Unlucky1.csproj", "{AD0E59A7-8BB0-47F4-A710-A442BE9EC835}"
EndProject
Global
	GlobalSection(SolutionConfigurationPlatforms) = preSolution
		Debug|Any CPU = Debug|Any CPU
		Release|Any CPU = Release|Any CPU
	EndGlobalSection
	GlobalSection(ProjectConfigurationPlatforms) = postSolution
		{AD0E59A7-8BB0-47F4-A710-A442BE9EC835}.Debug|Any CPU.ActiveCfg = Debug|Any CPU
		{AD0E59A7-8BB0-47F4-A710-A442BE9EC835}.Debug|Any CPU.Build.0 = Debug|Any CPU
		{AD0E59A7-8BB0-47F4-A710-A442BE9EC835}.Release|Any CPU.ActiveCfg = Release|Any CPU
		{AD0E59A7-8BB0-47F4-A710-A442BE9EC835}.Release|Any CPU.Build.0 = Release|Any CPU
	EndGlobalSection
	GlobalSection(SolutionProperties) = preSolution
		HideSolutionNode = FALSE
	EndGlobalSection
EndGlobal
